
Microsoft Visual Studio Solution File, Format Version 12.00
# Visual Studio 15
VisualStudioVersion = 15.0.28010.2048
MinimumVisualStudioVersion = 10.0.40219.1
Project("{FAE04EC0-301F-11D3-BF4B-00C04F79EFBC}") = "ValidationClass", "ValidationClass\ValidationClass.csproj", "{60453D3E-E31E-46E4-B02E-290522983312}"
EndProject
Global
	GlobalSection(SolutionConfigurationPlatforms) = preSolution
		Debug|Any CPU = Debug|Any CPU
		Release|Any CPU = Release|Any CPU
	EndGlobalSection
	GlobalSection(ProjectConfigurationPlatforms) = postSolution
		{60453D3E-E31E-46E4-B02E-290522983312}.Debug|Any CPU.ActiveCfg = Debug|Any CPU
		{60453D3E-E31E-46E4-B02E-290522983312}.Debug|Any CPU.Build.0 = Debug|Any CPU
		{60453D3E-E31E-46E4-B02E-290522983312}.Release|Any CPU.ActiveCfg = Release|Any CPU
		{60453D3E-E31E-46E4-B02E-290522983312}.Release|Any CPU.Build.0 = Release|Any CPU
	EndGlobalSection
	GlobalSection(SolutionProperties) = preSolution
		HideSolutionNode = FALSE
	EndGlobalSection
	GlobalSection(ExtensibilityGlobals) = postSolution
		SolutionGuid = {F257D006-0B9B-47AB-B9D7-B272217643FC}
	EndGlobalSection
EndGlobal
