
Microsoft Visual Studio Solution File, Format Version 12.00
# Visual Studio 15
VisualStudioVersion = 15.0.28010.2048
MinimumVisualStudioVersion = 10.0.40219.1
Project("{FAE04EC0-301F-11D3-BF4B-00C04F79EFBC}") = "ChaseHoffman_CE01", "ChaseHoffman_CE01\ChaseHoffman_CE01.csproj", "{920C5F66-322B-40E0-9E83-0552019FCCFD}"
EndProject
Global
	GlobalSection(SolutionConfigurationPlatforms) = preSolution
		Debug|Any CPU = Debug|Any CPU
		Release|Any CPU = Release|Any CPU
	EndGlobalSection
	GlobalSection(ProjectConfigurationPlatforms) = postSolution
		{920C5F66-322B-40E0-9E83-0552019FCCFD}.Debug|Any CPU.ActiveCfg = Debug|Any CPU
		{920C5F66-322B-40E0-9E83-0552019FCCFD}.Debug|Any CPU.Build.0 = Debug|Any CPU
		{920C5F66-322B-40E0-9E83-0552019FCCFD}.Release|Any CPU.ActiveCfg = Release|Any CPU
		{920C5F66-322B-40E0-9E83-0552019FCCFD}.Release|Any CPU.Build.0 = Release|Any CPU
	EndGlobalSection
	GlobalSection(SolutionProperties) = preSolution
		HideSolutionNode = FALSE
	EndGlobalSection
	GlobalSection(ExtensibilityGlobals) = postSolution
		SolutionGuid = {BDEB3FAB-8F4B-4FA5-8691-9F2980F10E8A}
	EndGlobalSection
EndGlobal
