
Microsoft Visual Studio Solution File, Format Version 12.00
# Visual Studio 15
VisualStudioVersion = 15.0.28010.2048
MinimumVisualStudioVersion = 10.0.40219.1
Project("{FAE04EC0-301F-11D3-BF4B-00C04F79EFBC}") = "ChaseHoffman_CEO7", "ChaseHoffman_CEO7\ChaseHoffman_CEO7.csproj", "{289A772D-AE2E-4254-810B-EF720DFF0948}"
EndProject
Global
	GlobalSection(SolutionConfigurationPlatforms) = preSolution
		Debug|Any CPU = Debug|Any CPU
		Release|Any CPU = Release|Any CPU
	EndGlobalSection
	GlobalSection(ProjectConfigurationPlatforms) = postSolution
		{289A772D-AE2E-4254-810B-EF720DFF0948}.Debug|Any CPU.ActiveCfg = Debug|Any CPU
		{289A772D-AE2E-4254-810B-EF720DFF0948}.Debug|Any CPU.Build.0 = Debug|Any CPU
		{289A772D-AE2E-4254-810B-EF720DFF0948}.Release|Any CPU.ActiveCfg = Release|Any CPU
		{289A772D-AE2E-4254-810B-EF720DFF0948}.Release|Any CPU.Build.0 = Release|Any CPU
	EndGlobalSection
	GlobalSection(SolutionProperties) = preSolution
		HideSolutionNode = FALSE
	EndGlobalSection
	GlobalSection(ExtensibilityGlobals) = postSolution
		SolutionGuid = {C1461FC4-15BE-4C3F-ADD5-6B621D9C8055}
	EndGlobalSection
EndGlobal
